
Microsoft Visual Studio Solution File, Format Version 12.00
# Visual Studio Version 17
VisualStudioVersion = 17.7.34031.279
MinimumVisualStudioVersion = 10.0.40219.1
Project("{FAE04EC0-301F-11D3-BF4B-00C04F79EFBC}") = "TCPCommunicationClient", "TCPCommunicationClient\TCPCommunicationClient.csproj", "{75D64DCA-DE4E-4B2D-A643-F268126B52CF}"
EndProject
Project("{FAE04EC0-301F-11D3-BF4B-00C04F79EFBC}") = "WebConsole", "WebConsole\WebConsole.csproj", "{35D1E8E4-CD78-420F-A9FC-609C93EE1018}"
EndProject
Global
	GlobalSection(SolutionConfigurationPlatforms) = preSolution
		Debug|Any CPU = Debug|Any CPU
		Debug|x64 = Debug|x64
		Debug|x86 = Debug|x86
		Release|Any CPU = Release|Any CPU
		Release|x64 = Release|x64
		Release|x86 = Release|x86
	EndGlobalSection
	GlobalSection(ProjectConfigurationPlatforms) = postSolution
		{75D64DCA-DE4E-4B2D-A643-F268126B52CF}.Debug|Any CPU.ActiveCfg = Debug|Any CPU
		{75D64DCA-DE4E-4B2D-A643-F268126B52CF}.Debug|Any CPU.Build.0 = Debug|Any CPU
		{75D64DCA-DE4E-4B2D-A643-F268126B52CF}.Debug|x64.ActiveCfg = Debug|Any CPU
		{75D64DCA-DE4E-4B2D-A643-F268126B52CF}.Debug|x64.Build.0 = Debug|Any CPU
		{75D64DCA-DE4E-4B2D-A643-F268126B52CF}.Debug|x86.ActiveCfg = Debug|Any CPU
		{75D64DCA-DE4E-4B2D-A643-F268126B52CF}.Debug|x86.Build.0 = Debug|Any CPU
		{75D64DCA-DE4E-4B2D-A643-F268126B52CF}.Release|Any CPU.ActiveCfg = Release|Any CPU
		{75D64DCA-DE4E-4B2D-A643-F268126B52CF}.Release|Any CPU.Build.0 = Release|Any CPU
		{75D64DCA-DE4E-4B2D-A643-F268126B52CF}.Release|x64.ActiveCfg = Release|Any CPU
		{75D64DCA-DE4E-4B2D-A643-F268126B52CF}.Release|x64.Build.0 = Release|Any CPU
		{75D64DCA-DE4E-4B2D-A643-F268126B52CF}.Release|x86.ActiveCfg = Release|Any CPU
		{75D64DCA-DE4E-4B2D-A643-F268126B52CF}.Release|x86.Build.0 = Release|Any CPU
		{35D1E8E4-CD78-420F-A9FC-609C93EE1018}.Debug|Any CPU.ActiveCfg = Debug|Any CPU
		{35D1E8E4-CD78-420F-A9FC-609C93EE1018}.Debug|Any CPU.Build.0 = Debug|Any CPU
		{35D1E8E4-CD78-420F-A9FC-609C93EE1018}.Debug|x64.ActiveCfg = Debug|Any CPU
		{35D1E8E4-CD78-420F-A9FC-609C93EE1018}.Debug|x64.Build.0 = Debug|Any CPU
		{35D1E8E4-CD78-420F-A9FC-609C93EE1018}.Debug|x86.ActiveCfg = Debug|Any CPU
		{35D1E8E4-CD78-420F-A9FC-609C93EE1018}.Debug|x86.Build.0 = Debug|Any CPU
		{35D1E8E4-CD78-420F-A9FC-609C93EE1018}.Release|Any CPU.ActiveCfg = Release|Any CPU
		{35D1E8E4-CD78-420F-A9FC-609C93EE1018}.Release|Any CPU.Build.0 = Release|Any CPU
		{35D1E8E4-CD78-420F-A9FC-609C93EE1018}.Release|x64.ActiveCfg = Release|Any CPU
		{35D1E8E4-CD78-420F-A9FC-609C93EE1018}.Release|x64.Build.0 = Release|Any CPU
		{35D1E8E4-CD78-420F-A9FC-609C93EE1018}.Release|x86.ActiveCfg = Release|Any CPU
		{35D1E8E4-CD78-420F-A9FC-609C93EE1018}.Release|x86.Build.0 = Release|Any CPU
	EndGlobalSection
	GlobalSection(SolutionProperties) = preSolution
		HideSolutionNode = FALSE
	EndGlobalSection
	GlobalSection(ExtensibilityGlobals) = postSolution
		SolutionGuid = {CE45CC51-9E70-4168-A76E-506C290694EB}
	EndGlobalSection
EndGlobal
